
Microsoft Visual Studio Solution File, Format Version 12.00
# Visual Studio Version 17
VisualStudioVersion = 17.7.34009.444
MinimumVisualStudioVersion = 10.0.40219.1
Project("{FAE04EC0-301F-11D3-BF4B-00C04F79EFBC}") = "SnakeGame", "SnakeGame\SnakeGame.csproj", "{1505E54E-C56B-4787-887F-7221CDE6D5C9}"
EndProject
Global
	GlobalSection(SolutionConfigurationPlatforms) = preSolution
		Debug|Any CPU = Debug|Any CPU
		Release|Any CPU = Release|Any CPU
	EndGlobalSection
	GlobalSection(ProjectConfigurationPlatforms) = postSolution
		{1505E54E-C56B-4787-887F-7221CDE6D5C9}.Debug|Any CPU.ActiveCfg = Debug|Any CPU
		{1505E54E-C56B-4787-887F-7221CDE6D5C9}.Debug|Any CPU.Build.0 = Debug|Any CPU
		{1505E54E-C56B-4787-887F-7221CDE6D5C9}.Release|Any CPU.ActiveCfg = Release|Any CPU
		{1505E54E-C56B-4787-887F-7221CDE6D5C9}.Release|Any CPU.Build.0 = Release|Any CPU
	EndGlobalSection
	GlobalSection(SolutionProperties) = preSolution
		HideSolutionNode = FALSE
	EndGlobalSection
	GlobalSection(ExtensibilityGlobals) = postSolution
		SolutionGuid = {FBFCE4E9-8B63-4C60-852E-A0836154A038}
	EndGlobalSection
EndGlobal
